// !$*UTF8*$!
{
	archiveVersion = 1;
	classes = {
	};
	objectVersion = 56;
	objects = {

/* Begin PBXBuildFile section */
		88A27D3E2BC3A02A00E5F831 /* TagViewApp.swift in Sources */ = {isa = PBXBuildFile; fileRef = 88A27D3D2BC3A02A00E5F831 /* TagViewApp.swift */; };
		88A27D402BC3A02A00E5F831 /* ContentView.swift in Sources */ = {isa = PBXBuildFile; fileRef = 88A27D3F2BC3A02A00E5F831 /* ContentView.swift */; };
		88A27D422BC3A02B00E5F831 /* Assets.xcassets in Resources */ = {isa = PBXBuildFile; fileRef = 88A27D412BC3A02B00E5F831 /* Assets.xcassets */; };
		88A27D452BC3A02B00E5F831 /* Preview Assets.xcassets in Resources */ = {isa = PBXBuildFile; fileRef = 88A27D442BC3A02B00E5F831 /* Preview Assets.xcassets */; };
		88A27D4E2BC3A35200E5F831 /* TagLableResults.swift in Sources */ = {isa = PBXBuildFile; fileRef = 88A27D4D2BC3A35200E5F831 /* TagLableResults.swift */; };
		88A27D522BC3A63000E5F831 /* TagLayout.swift in Sources */ = {isa = PBXBuildFile; fileRef = 88A27D512BC3A63000E5F831 /* TagLayout.swift */; };
		88A27D542BC3D81900E5F831 /* Taggable.swift in Sources */ = {isa = PBXBuildFile; fileRef = 88A27D532BC3D81900E5F831 /* Taggable.swift */; };
		88A27D572BC3D83C00E5F831 /* DDay.swift in Sources */ = {isa = PBXBuildFile; fileRef = 88A27D562BC3D83C00E5F831 /* DDay.swift */; };
		88A27D622BC4037100E5F831 /* SwiftDate in Frameworks */ = {isa = PBXBuildFile; productRef = 88A27D612BC4037100E5F831 /* SwiftDate */; };
/* End PBXBuildFile section */

/* Begin PBXFileReference section */
		88A27D3A2BC3A02A00E5F831 /* TagView.app */ = {isa = PBXFileReference; explicitFileType = wrapper.application; includeInIndex = 0; path = TagView.app; sourceTree = BUILT_PRODUCTS_DIR; };
		88A27D3D2BC3A02A00E5F831 /* TagViewApp.swift */ = {isa = PBXFileReference; lastKnownFileType = sourcecode.swift; path = TagViewApp.swift; sourceTree = "<group>"; };
		88A27D3F2BC3A02A00E5F831 /* ContentView.swift */ = {isa = PBXFileReference; lastKnownFileType = sourcecode.swift; path = ContentView.swift; sourceTree = "<group>"; };
		88A27D412BC3A02B00E5F831 /* Assets.xcassets */ = {isa = PBXFileReference; lastKnownFileType = folder.assetcatalog; path = Assets.xcassets; sourceTree = "<group>"; };
		88A27D442BC3A02B00E5F831 /* Preview Assets.xcassets */ = {isa = PBXFileReference; lastKnownFileType = folder.assetcatalog; path = "Preview Assets.xcassets"; sourceTree = "<group>"; };
		88A27D4D2BC3A35200E5F831 /* TagLableResults.swift */ = {isa = PBXFileReference; lastKnownFileType = sourcecode.swift; path = TagLableResults.swift; sourceTree = "<group>"; };
		88A27D512BC3A63000E5F831 /* TagLayout.swift */ = {isa = PBXFileReference; lastKnownFileType = sourcecode.swift; path = TagLayout.swift; sourceTree = "<group>"; };
		88A27D532BC3D81900E5F831 /* Taggable.swift */ = {isa = PBXFileReference; lastKnownFileType = sourcecode.swift; path = Taggable.swift; sourceTree = "<group>"; };
		88A27D562BC3D83C00E5F831 /* DDay.swift */ = {isa = PBXFileReference; lastKnownFileType = sourcecode.swift; path = DDay.swift; sourceTree = "<group>"; };
/* End PBXFileReference section */

/* Begin PBXFrameworksBuildPhase section */
		88A27D372BC3A02A00E5F831 /* Frameworks */ = {
			isa = PBXFrameworksBuildPhase;
			buildActionMask = 2147483647;
			files = (
				88A27D622BC4037100E5F831 /* SwiftDate in Frameworks */,
			);
			runOnlyForDeploymentPostprocessing = 0;
		};
/* End PBXFrameworksBuildPhase section */

/* Begin PBXGroup section */
		88A27D312BC3A02900E5F831 = {
			isa = PBXGroup;
			children = (
				88A27D3C2BC3A02A00E5F831 /* TagView */,
				88A27D3B2BC3A02A00E5F831 /* Products */,
			);
			sourceTree = "<group>";
		};
		88A27D3B2BC3A02A00E5F831 /* Products */ = {
			isa = PBXGroup;
			children = (
				88A27D3A2BC3A02A00E5F831 /* TagView.app */,
			);
			name = Products;
			sourceTree = "<group>";
		};
		88A27D3C2BC3A02A00E5F831 /* TagView */ = {
			isa = PBXGroup;
			children = (
				88A27D3D2BC3A02A00E5F831 /* TagViewApp.swift */,
				88A27D3F2BC3A02A00E5F831 /* ContentView.swift */,
				88A27D4D2BC3A35200E5F831 /* TagLableResults.swift */,
				88A27D512BC3A63000E5F831 /* TagLayout.swift */,
				88A27D532BC3D81900E5F831 /* Taggable.swift */,
				88A27D5D2BC3FF2300E5F831 /* Example */,
				88A27D412BC3A02B00E5F831 /* Assets.xcassets */,
				88A27D432BC3A02B00E5F831 /* Preview Content */,
			);
			path = TagView;
			sourceTree = "<group>";
		};
		88A27D432BC3A02B00E5F831 /* Preview Content */ = {
			isa = PBXGroup;
			children = (
				88A27D442BC3A02B00E5F831 /* Preview Assets.xcassets */,
			);
			path = "Preview Content";
			sourceTree = "<group>";
		};
		88A27D5D2BC3FF2300E5F831 /* Example */ = {
			isa = PBXGroup;
			children = (
				88A27D562BC3D83C00E5F831 /* DDay.swift */,
			);
			path = Example;
			sourceTree = "<group>";
		};
/* End PBXGroup section */

/* Begin PBXNativeTarget section */
		88A27D392BC3A02A00E5F831 /* TagView */ = {
			isa = PBXNativeTarget;
			buildConfigurationList = 88A27D482BC3A02B00E5F831 /* Build configuration list for PBXNativeTarget "TagView" */;
			buildPhases = (
				88A27D362BC3A02A00E5F831 /* Sources */,
				88A27D372BC3A02A00E5F831 /* Frameworks */,
				88A27D382BC3A02A00E5F831 /* Resources */,
			);
			buildRules = (
			);
			dependencies = (
			);
			name = TagView;
			packageProductDependencies = (
				88A27D612BC4037100E5F831 /* SwiftDate */,
			);
			productName = TagView;
			productReference = 88A27D3A2BC3A02A00E5F831 /* TagView.app */;
			productType = "com.apple.product-type.application";
		};
/* End PBXNativeTarget section */

/* Begin PBXProject section */
		88A27D322BC3A02900E5F831 /* Project object */ = {
			isa = PBXProject;
			attributes = {
				BuildIndependentTargetsInParallel = 1;
				LastSwiftUpdateCheck = 1530;
				LastUpgradeCheck = 1530;
				TargetAttributes = {
					88A27D392BC3A02A00E5F831 = {
						CreatedOnToolsVersion = 15.3;
					};
				};
			};
			buildConfigurationList = 88A27D352BC3A02900E5F831 /* Build configuration list for PBXProject "TagView" */;
			compatibilityVersion = "Xcode 14.0";
			developmentRegion = en;
			hasScannedForEncodings = 0;
			knownRegions = (
				en,
				Base,
			);
			mainGroup = 88A27D312BC3A02900E5F831;
			packageReferences = (
				88A27D602BC4037100E5F831 /* XCRemoteSwiftPackageReference "SwiftDate" */,
			);
			productRefGroup = 88A27D3B2BC3A02A00E5F831 /* Products */;
			projectDirPath = "";
			projectRoot = "";
			targets = (
				88A27D392BC3A02A00E5F831 /* TagView */,
			);
		};
/* End PBXProject section */

/* Begin PBXResourcesBuildPhase section */
		88A27D382BC3A02A00E5F831 /* Resources */ = {
			isa = PBXResourcesBuildPhase;
			buildActionMask = 2147483647;
			files = (
				88A27D452BC3A02B00E5F831 /* Preview Assets.xcassets in Resources */,
				88A27D422BC3A02B00E5F831 /* Assets.xcassets in Resources */,
			);
			runOnlyForDeploymentPostprocessing = 0;
		};
/* End PBXResourcesBuildPhase section */

/* Begin PBXSourcesBuildPhase section */
		88A27D362BC3A02A00E5F831 /* Sources */ = {
			isa = PBXSourcesBuildPhase;
			buildActionMask = 2147483647;
			files = (
				88A27D402BC3A02A00E5F831 /* ContentView.swift in Sources */,
				88A27D542BC3D81900E5F831 /* Taggable.swift in Sources */,
				88A27D3E2BC3A02A00E5F831 /* TagViewApp.swift in Sources */,
				88A27D522BC3A63000E5F831 /* TagLayout.swift in Sources */,
				88A27D4E2BC3A35200E5F831 /* TagLableResults.swift in Sources */,
				88A27D572BC3D83C00E5F831 /* DDay.swift in Sources */,
			);
			runOnlyForDeploymentPostprocessing = 0;
		};
/* End PBXSourcesBuildPhase section */

/* Begin XCBuildConfiguration section */
		88A27D462BC3A02B00E5F831 /* Debug */ = {
			isa = XCBuildConfiguration;
			buildSettings = {
				ALWAYS_SEARCH_USER_PATHS = NO;
				ASSETCATALOG_COMPILER_GENERATE_SWIFT_ASSET_SYMBOL_EXTENSIONS = YES;
				CLANG_ANALYZER_NONNULL = YES;
				CLANG_ANALYZER_NUMBER_OBJECT_CONVERSION = YES_AGGRESSIVE;
				CLANG_CXX_LANGUAGE_STANDARD = "gnu++20";
				CLANG_ENABLE_MODULES = YES;
				CLANG_ENABLE_OBJC_ARC = YES;
				CLANG_ENABLE_OBJC_WEAK = YES;
				CLANG_WARN_BLOCK_CAPTURE_AUTORELEASING = YES;
				CLANG_WARN_BOOL_CONVERSION = YES;
				CLANG_WARN_COMMA = YES;
				CLANG_WARN_CONSTANT_CONVERSION = YES;
				CLANG_WARN_DEPRECATED_OBJC_IMPLEMENTATIONS = YES;
				CLANG_WARN_DIRECT_OBJC_ISA_USAGE = YES_ERROR;
				CLANG_WARN_DOCUMENTATION_COMMENTS = YES;
				CLANG_WARN_EMPTY_BODY = YES;
				CLANG_WARN_ENUM_CONVERSION = YES;
				CLANG_WARN_INFINITE_RECURSION = YES;
				CLANG_WARN_INT_CONVERSION = YES;
				CLANG_WARN_NON_LITERAL_NULL_CONVERSION = YES;
				CLANG_WARN_OBJC_IMPLICIT_RETAIN_SELF = YES;
				CLANG_WARN_OBJC_LITERAL_CONVERSION = YES;
				CLANG_WARN_OBJC_ROOT_CLASS = YES_ERROR;
				CLANG_WARN_QUOTED_INCLUDE_IN_FRAMEWORK_HEADER = YES;
				CLANG_WARN_RANGE_LOOP_ANALYSIS = YES;
				CLANG_WARN_STRICT_PROTOTYPES = YES;
				CLANG_WARN_SUSPICIOUS_MOVE = YES;
				CLANG_WARN_UNGUARDED_AVAILABILITY = YES_AGGRESSIVE;
				CLANG_WARN_UNREACHABLE_CODE = YES;
				CLANG_WARN__DUPLICATE_METHOD_MATCH = YES;
				COPY_PHASE_STRIP = NO;
				DEBUG_INFORMATION_FORMAT = dwarf;
				ENABLE_STRICT_OBJC_MSGSEND = YES;
				ENABLE_TESTABILITY = YES;
				ENABLE_USER_SCRIPT_SANDBOXING = YES;
				GCC_C_LANGUAGE_STANDARD = gnu17;
				GCC_DYNAMIC_NO_PIC = NO;
				GCC_NO_COMMON_BLOCKS = YES;
				GCC_OPTIMIZATION_LEVEL = 0;
				GCC_PREPROCESSOR_DEFINITIONS = (
					"DEBUG=1",
					"$(inherited)",
				);
				GCC_WARN_64_TO_32_BIT_CONVERSION = YES;
				GCC_WARN_ABOUT_RETURN_TYPE = YES_ERROR;
				GCC_WARN_UNDECLARED_SELECTOR = YES;
				GCC_WARN_UNINITIALIZED_AUTOS = YES_AGGRESSIVE;
				GCC_WARN_UNUSED_FUNCTION = YES;
				GCC_WARN_UNUSED_VARIABLE = YES;
				IPHONEOS_DEPLOYMENT_TARGET = 16.0;
				LOCALIZATION_PREFERS_STRING_CATALOGS = YES;
				MTL_ENABLE_DEBUG_INFO = INCLUDE_SOURCE;
				MTL_FAST_MATH = YES;
				ONLY_ACTIVE_ARCH = YES;
				SDKROOT = iphoneos;
				SWIFT_ACTIVE_COMPILATION_CONDITIONS = "DEBUG $(inherited)";
				SWIFT_OPTIMIZATION_LEVEL = "-Onone";
			};
			name = Debug;
		};
		88A27D472BC3A02B00E5F831 /* Release */ = {
			isa = XCBuildConfiguration;
			buildSettings = {
				ALWAYS_SEARCH_USER_PATHS = NO;
				ASSETCATALOG_COMPILER_GENERATE_SWIFT_ASSET_SYMBOL_EXTENSIONS = YES;
				CLANG_ANALYZER_NONNULL = YES;
				CLANG_ANALYZER_NUMBER_OBJECT_CONVERSION = YES_AGGRESSIVE;
				CLANG_CXX_LANGUAGE_STANDARD = "gnu++20";
				CLANG_ENABLE_MODULES = YES;
				CLANG_ENABLE_OBJC_ARC = YES;
				CLANG_ENABLE_OBJC_WEAK = YES;
				CLANG_WARN_BLOCK_CAPTURE_AUTORELEASING = YES;
				CLANG_WARN_BOOL_CONVERSION = YES;
				CLANG_WARN_COMMA = YES;
				CLANG_WARN_CONSTANT_CONVERSION = YES;
				CLANG_WARN_DEPRECATED_OBJC_IMPLEMENTATIONS = YES;
				CLANG_WARN_DIRECT_OBJC_ISA_USAGE = YES_ERROR;
				CLANG_WARN_DOCUMENTATION_COMMENTS = YES;
				CLANG_WARN_EMPTY_BODY = YES;
				CLANG_WARN_ENUM_CONVERSION = YES;
				CLANG_WARN_INFINITE_RECURSION = YES;
				CLANG_WARN_INT_CONVERSION = YES;
				CLANG_WARN_NON_LITERAL_NULL_CONVERSION = YES;
				CLANG_WARN_OBJC_IMPLICIT_RETAIN_SELF = YES;
				CLANG_WARN_OBJC_LITERAL_CONVERSION = YES;
				CLANG_WARN_OBJC_ROOT_CLASS = YES_ERROR;
				CLANG_WARN_QUOTED_INCLUDE_IN_FRAMEWORK_HEADER = YES;
				CLANG_WARN_RANGE_LOOP_ANALYSIS = YES;
				CLANG_WARN_STRICT_PROTOTYPES = YES;
				CLANG_WARN_SUSPICIOUS_MOVE = YES;
				CLANG_WARN_UNGUARDED_AVAILABILITY = YES_AGGRESSIVE;
				CLANG_WARN_UNREACHABLE_CODE = YES;
				CLANG_WARN__DUPLICATE_METHOD_MATCH = YES;
				COPY_PHASE_STRIP = NO;
				DEBUG_INFORMATION_FORMAT = "dwarf-with-dsym";
				ENABLE_NS_ASSERTIONS = NO;
				ENABLE_STRICT_OBJC_MSGSEND = YES;
				ENABLE_USER_SCRIPT_SANDBOXING = YES;
				GCC_C_LANGUAGE_STANDARD = gnu17;
				GCC_NO_COMMON_BLOCKS = YES;
				GCC_WARN_64_TO_32_BIT_CONVERSION = YES;
				GCC_WARN_ABOUT_RETURN_TYPE = YES_ERROR;
				GCC_WARN_UNDECLARED_SELECTOR = YES;
				GCC_WARN_UNINITIALIZED_AUTOS = YES_AGGRESSIVE;
				GCC_WARN_UNUSED_FUNCTION = YES;
				GCC_WARN_UNUSED_VARIABLE = YES;
				IPHONEOS_DEPLOYMENT_TARGET = 16.0;
				LOCALIZATION_PREFERS_STRING_CATALOGS = YES;
				MTL_ENABLE_DEBUG_INFO = NO;
				MTL_FAST_MATH = YES;
				SDKROOT = iphoneos;
				SWIFT_COMPILATION_MODE = wholemodule;
				VALIDATE_PRODUCT = YES;
			};
			name = Release;
		};
		88A27D492BC3A02B00E5F831 /* Debug */ = {
			isa = XCBuildConfiguration;
			buildSettings = {
				ASSETCATALOG_COMPILER_APPICON_NAME = AppIcon;
				ASSETCATALOG_COMPILER_GLOBAL_ACCENT_COLOR_NAME = AccentColor;
				CODE_SIGN_STYLE = Automatic;
				CURRENT_PROJECT_VERSION = 1;
				DEVELOPMENT_ASSET_PATHS = "\"TagView/Preview Content\"";
				DEVELOPMENT_TEAM = 9KPHTM749M;
				ENABLE_PREVIEWS = YES;
				GENERATE_INFOPLIST_FILE = YES;
				INFOPLIST_KEY_UIApplicationSceneManifest_Generation = YES;
				INFOPLIST_KEY_UIApplicationSupportsIndirectInputEvents = YES;
				INFOPLIST_KEY_UILaunchScreen_Generation = YES;
				INFOPLIST_KEY_UISupportedInterfaceOrientations_iPad = "UIInterfaceOrientationPortrait UIInterfaceOrientationPortraitUpsideDown UIInterfaceOrientationLandscapeLeft UIInterfaceOrientationLandscapeRight";
				INFOPLIST_KEY_UISupportedInterfaceOrientations_iPhone = "UIInterfaceOrientationPortrait UIInterfaceOrientationLandscapeLeft UIInterfaceOrientationLandscapeRight";
				LD_RUNPATH_SEARCH_PATHS = (
					"$(inherited)",
					"@executable_path/Frameworks",
				);
				MARKETING_VERSION = 1.0;
				PRODUCT_BUNDLE_IDENTIFIER = com.windowcow.TagView;
				PRODUCT_NAME = "$(TARGET_NAME)";
				SWIFT_EMIT_LOC_STRINGS = YES;
				SWIFT_VERSION = 5.0;
				TARGETED_DEVICE_FAMILY = "1,2";
			};
			name = Debug;
		};
		88A27D4A2BC3A02B00E5F831 /* Release */ = {
			isa = XCBuildConfiguration;
			buildSettings = {
				ASSETCATALOG_COMPILER_APPICON_NAME = AppIcon;
				ASSETCATALOG_COMPILER_GLOBAL_ACCENT_COLOR_NAME = AccentColor;
				CODE_SIGN_STYLE = Automatic;
				CURRENT_PROJECT_VERSION = 1;
				DEVELOPMENT_ASSET_PATHS = "\"TagView/Preview Content\"";
				DEVELOPMENT_TEAM = 9KPHTM749M;
				ENABLE_PREVIEWS = YES;
				GENERATE_INFOPLIST_FILE = YES;
				INFOPLIST_KEY_UIApplicationSceneManifest_Generation = YES;
				INFOPLIST_KEY_UIApplicationSupportsIndirectInputEvents = YES;
				INFOPLIST_KEY_UILaunchScreen_Generation = YES;
				INFOPLIST_KEY_UISupportedInterfaceOrientations_iPad = "UIInterfaceOrientationPortrait UIInterfaceOrientationPortraitUpsideDown UIInterfaceOrientationLandscapeLeft UIInterfaceOrientationLandscapeRight";
				INFOPLIST_KEY_UISupportedInterfaceOrientations_iPhone = "UIInterfaceOrientationPortrait UIInterfaceOrientationLandscapeLeft UIInterfaceOrientationLandscapeRight";
				LD_RUNPATH_SEARCH_PATHS = (
					"$(inherited)",
					"@executable_path/Frameworks",
				);
				MARKETING_VERSION = 1.0;
				PRODUCT_BUNDLE_IDENTIFIER = com.windowcow.TagView;
				PRODUCT_NAME = "$(TARGET_NAME)";
				SWIFT_EMIT_LOC_STRINGS = YES;
				SWIFT_VERSION = 5.0;
				TARGETED_DEVICE_FAMILY = "1,2";
			};
			name = Release;
		};
/* End XCBuildConfiguration section */

/* Begin XCConfigurationList section */
		88A27D352BC3A02900E5F831 /* Build configuration list for PBXProject "TagView" */ = {
			isa = XCConfigurationList;
			buildConfigurations = (
				88A27D462BC3A02B00E5F831 /* Debug */,
				88A27D472BC3A02B00E5F831 /* Release */,
			);
			defaultConfigurationIsVisible = 0;
			defaultConfigurationName = Release;
		};
		88A27D482BC3A02B00E5F831 /* Build configuration list for PBXNativeTarget "TagView" */ = {
			isa = XCConfigurationList;
			buildConfigurations = (
				88A27D492BC3A02B00E5F831 /* Debug */,
				88A27D4A2BC3A02B00E5F831 /* Release */,
			);
			defaultConfigurationIsVisible = 0;
			defaultConfigurationName = Release;
		};
/* End XCConfigurationList section */

/* Begin XCRemoteSwiftPackageReference section */
		88A27D602BC4037100E5F831 /* XCRemoteSwiftPackageReference "SwiftDate" */ = {
			isa = XCRemoteSwiftPackageReference;
			repositoryURL = "https://github.com/malcommac/SwiftDate.git";
			requirement = {
				kind = upToNextMajorVersion;
				minimumVersion = 7.0.0;
			};
		};
/* End XCRemoteSwiftPackageReference section */

/* Begin XCSwiftPackageProductDependency section */
		88A27D612BC4037100E5F831 /* SwiftDate */ = {
			isa = XCSwiftPackageProductDependency;
			package = 88A27D602BC4037100E5F831 /* XCRemoteSwiftPackageReference "SwiftDate" */;
			productName = SwiftDate;
		};
/* End XCSwiftPackageProductDependency section */
	};
	rootObject = 88A27D322BC3A02900E5F831 /* Project object */;
}
